// !$*UTF8*$!
{
	archiveVersion = 1;
	classes = {
	};
	objectVersion = 55;
	objects = {

/* Begin PBXBuildFile section */
		531CF240282D9FB600AC22CC /* SearchLocationViewController.swift in Sources */ = {isa = PBXBuildFile; fileRef = 531CF23F282D9FB600AC22CC /* SearchLocationViewController.swift */; };
		53729E7E2831085C000B98A6 /* NetworkManager.swift in Sources */ = {isa = PBXBuildFile; fileRef = 53729E7D2831085C000B98A6 /* NetworkManager.swift */; };
		53E7E108282ACC12005C9C95 /* locationListTableViewController.swift in Sources */ = {isa = PBXBuildFile; fileRef = 53E7E107282ACC12005C9C95 /* locationListTableViewController.swift */; };
		53E7E10A282AE6F3005C9C95 /* WeatherDetailsViewController.swift in Sources */ = {isa = PBXBuildFile; fileRef = 53E7E109282AE6F3005C9C95 /* WeatherDetailsViewController.swift */; };
		53F51AC72825AC1100958F24 /* AppDelegate.swift in Sources */ = {isa = PBXBuildFile; fileRef = 53F51AC62825AC1100958F24 /* AppDelegate.swift */; };
		53F51AC92825AC1100958F24 /* SceneDelegate.swift in Sources */ = {isa = PBXBuildFile; fileRef = 53F51AC82825AC1100958F24 /* SceneDelegate.swift */; };
		53F51ACB2825AC1100958F24 /* mainViewController.swift in Sources */ = {isa = PBXBuildFile; fileRef = 53F51ACA2825AC1100958F24 /* mainViewController.swift */; };
		53F51ACE2825AC1100958F24 /* Main.storyboard in Resources */ = {isa = PBXBuildFile; fileRef = 53F51ACC2825AC1100958F24 /* Main.storyboard */; };
		53F51AD12825AC1100958F24 /* weatherReminder.xcdatamodeld in Sources */ = {isa = PBXBuildFile; fileRef = 53F51ACF2825AC1100958F24 /* weatherReminder.xcdatamodeld */; };
		53F51AD32825AC1200958F24 /* Assets.xcassets in Resources */ = {isa = PBXBuildFile; fileRef = 53F51AD22825AC1200958F24 /* Assets.xcassets */; };
		53F51AD62825AC1200958F24 /* LaunchScreen.storyboard in Resources */ = {isa = PBXBuildFile; fileRef = 53F51AD42825AC1200958F24 /* LaunchScreen.storyboard */; };
		53FEE3EF283EAEC7004C7973 /* Constants.swift in Sources */ = {isa = PBXBuildFile; fileRef = 53FEE3EE283EAEC7004C7973 /* Constants.swift */; };
		53FEE3F1283EB722004C7973 /* WeatherData.swift in Sources */ = {isa = PBXBuildFile; fileRef = 53FEE3F0283EB722004C7973 /* WeatherData.swift */; };
		53FEE3F3283EBA95004C7973 /* Weather.swift in Sources */ = {isa = PBXBuildFile; fileRef = 53FEE3F2283EBA95004C7973 /* Weather.swift */; };
/* End PBXBuildFile section */

/* Begin PBXFileReference section */
		531CF23F282D9FB600AC22CC /* SearchLocationViewController.swift */ = {isa = PBXFileReference; lastKnownFileType = sourcecode.swift; path = SearchLocationViewController.swift; sourceTree = "<group>"; };
		53729E7D2831085C000B98A6 /* NetworkManager.swift */ = {isa = PBXFileReference; lastKnownFileType = sourcecode.swift; path = NetworkManager.swift; sourceTree = "<group>"; };
		53E7E107282ACC12005C9C95 /* locationListTableViewController.swift */ = {isa = PBXFileReference; lastKnownFileType = sourcecode.swift; path = locationListTableViewController.swift; sourceTree = "<group>"; };
		53E7E109282AE6F3005C9C95 /* WeatherDetailsViewController.swift */ = {isa = PBXFileReference; lastKnownFileType = sourcecode.swift; path = WeatherDetailsViewController.swift; sourceTree = "<group>"; };
		53F51AC32825AC1100958F24 /* weatherReminder.app */ = {isa = PBXFileReference; explicitFileType = wrapper.application; includeInIndex = 0; path = weatherReminder.app; sourceTree = BUILT_PRODUCTS_DIR; };
		53F51AC62825AC1100958F24 /* AppDelegate.swift */ = {isa = PBXFileReference; lastKnownFileType = sourcecode.swift; path = AppDelegate.swift; sourceTree = "<group>"; };
		53F51AC82825AC1100958F24 /* SceneDelegate.swift */ = {isa = PBXFileReference; lastKnownFileType = sourcecode.swift; path = SceneDelegate.swift; sourceTree = "<group>"; };
		53F51ACA2825AC1100958F24 /* mainViewController.swift */ = {isa = PBXFileReference; lastKnownFileType = sourcecode.swift; path = mainViewController.swift; sourceTree = "<group>"; };
		53F51ACD2825AC1100958F24 /* Base */ = {isa = PBXFileReference; lastKnownFileType = file.storyboard; name = Base; path = Base.lproj/Main.storyboard; sourceTree = "<group>"; };
		53F51AD02825AC1100958F24 /* weatherReminder.xcdatamodel */ = {isa = PBXFileReference; lastKnownFileType = wrapper.xcdatamodel; path = weatherReminder.xcdatamodel; sourceTree = "<group>"; };
		53F51AD22825AC1200958F24 /* Assets.xcassets */ = {isa = PBXFileReference; lastKnownFileType = folder.assetcatalog; path = Assets.xcassets; sourceTree = "<group>"; };
		53F51AD52825AC1200958F24 /* Base */ = {isa = PBXFileReference; lastKnownFileType = file.storyboard; name = Base; path = Base.lproj/LaunchScreen.storyboard; sourceTree = "<group>"; };
		53F51AD72825AC1200958F24 /* Info.plist */ = {isa = PBXFileReference; lastKnownFileType = text.plist.xml; path = Info.plist; sourceTree = "<group>"; };
		53FEE3EE283EAEC7004C7973 /* Constants.swift */ = {isa = PBXFileReference; lastKnownFileType = sourcecode.swift; path = Constants.swift; sourceTree = "<group>"; };
		53FEE3F0283EB722004C7973 /* WeatherData.swift */ = {isa = PBXFileReference; lastKnownFileType = sourcecode.swift; path = WeatherData.swift; sourceTree = "<group>"; };
		53FEE3F2283EBA95004C7973 /* Weather.swift */ = {isa = PBXFileReference; lastKnownFileType = sourcecode.swift; path = Weather.swift; sourceTree = "<group>"; };
/* End PBXFileReference section */

/* Begin PBXFrameworksBuildPhase section */
		53F51AC02825AC1100958F24 /* Frameworks */ = {
			isa = PBXFrameworksBuildPhase;
			buildActionMask = 2147483647;
			files = (
			);
			runOnlyForDeploymentPostprocessing = 0;
		};
/* End PBXFrameworksBuildPhase section */

/* Begin PBXGroup section */
		53729E7C28310828000B98A6 /* Views */ = {
			isa = PBXGroup;
			children = (
				53F51ACC2825AC1100958F24 /* Main.storyboard */,
			);
			path = Views;
			sourceTree = "<group>";
		};
		53F51ABA2825AC1100958F24 = {
			isa = PBXGroup;
			children = (
				53F51AE12825B8D300958F24 /* weatherReminder */,
				53F51AC42825AC1100958F24 /* Products */,
			);
			sourceTree = "<group>";
		};
		53F51AC42825AC1100958F24 /* Products */ = {
			isa = PBXGroup;
			children = (
				53F51AC32825AC1100958F24 /* weatherReminder.app */,
			);
			name = Products;
			sourceTree = "<group>";
		};
		53F51ADE2825AC5A00958F24 /* SupportFiles */ = {
			isa = PBXGroup;
			children = (
				53F51AC62825AC1100958F24 /* AppDelegate.swift */,
				53F51AC82825AC1100958F24 /* SceneDelegate.swift */,
				53F51AD22825AC1200958F24 /* Assets.xcassets */,
				53F51AD42825AC1200958F24 /* LaunchScreen.storyboard */,
				53F51ACF2825AC1100958F24 /* weatherReminder.xcdatamodeld */,
				53FEE3EE283EAEC7004C7973 /* Constants.swift */,
			);
			path = SupportFiles;
			sourceTree = "<group>";
		};
		53F51ADF2825AC7400958F24 /* Controlls */ = {
			isa = PBXGroup;
			children = (
				53F51ACA2825AC1100958F24 /* mainViewController.swift */,
				53E7E107282ACC12005C9C95 /* locationListTableViewController.swift */,
				53E7E109282AE6F3005C9C95 /* WeatherDetailsViewController.swift */,
				531CF23F282D9FB600AC22CC /* SearchLocationViewController.swift */,
			);
			path = Controlls;
			sourceTree = "<group>";
		};
		53F51AE02825AC9600958F24 /* Models */ = {
			isa = PBXGroup;
			children = (
				53729E7D2831085C000B98A6 /* NetworkManager.swift */,
				53FEE3F0283EB722004C7973 /* WeatherData.swift */,
				53FEE3F2283EBA95004C7973 /* Weather.swift */,
			);
			path = Models;
			sourceTree = "<group>";
		};
		53F51AE12825B8D300958F24 /* weatherReminder */ = {
			isa = PBXGroup;
			children = (
				53F51AD72825AC1200958F24 /* Info.plist */,
				53729E7C28310828000B98A6 /* Views */,
				53F51ADF2825AC7400958F24 /* Controlls */,
				53F51ADE2825AC5A00958F24 /* SupportFiles */,
				53F51AE02825AC9600958F24 /* Models */,
			);
			path = weatherReminder;
			sourceTree = "<group>";
		};
/* End PBXGroup section */

/* Begin PBXNativeTarget section */
		53F51AC22825AC1100958F24 /* weatherReminder */ = {
			isa = PBXNativeTarget;
			buildConfigurationList = 53F51ADA2825AC1200958F24 /* Build configuration list for PBXNativeTarget "weatherReminder" */;
			buildPhases = (
				53F51ABF2825AC1100958F24 /* Sources */,
				53F51AC02825AC1100958F24 /* Frameworks */,
				53F51AC12825AC1100958F24 /* Resources */,
			);
			buildRules = (
			);
			dependencies = (
			);
			name = weatherReminder;
			productName = weatherReminder;
			productReference = 53F51AC32825AC1100958F24 /* weatherReminder.app */;
			productType = "com.apple.product-type.application";
		};
/* End PBXNativeTarget section */

/* Begin PBXProject section */
		53F51ABB2825AC1100958F24 /* Project object */ = {
			isa = PBXProject;
			attributes = {
				BuildIndependentTargetsInParallel = 1;
				LastSwiftUpdateCheck = 1300;
				LastUpgradeCheck = 1300;
				TargetAttributes = {
					53F51AC22825AC1100958F24 = {
						CreatedOnToolsVersion = 13.0;
					};
				};
			};
			buildConfigurationList = 53F51ABE2825AC1100958F24 /* Build configuration list for PBXProject "weatherReminder" */;
			compatibilityVersion = "Xcode 13.0";
			developmentRegion = en;
			hasScannedForEncodings = 0;
			knownRegions = (
				en,
				Base,
			);
			mainGroup = 53F51ABA2825AC1100958F24;
			productRefGroup = 53F51AC42825AC1100958F24 /* Products */;
			projectDirPath = "";
			projectRoot = "";
			targets = (
				53F51AC22825AC1100958F24 /* weatherReminder */,
			);
		};
/* End PBXProject section */

/* Begin PBXResourcesBuildPhase section */
		53F51AC12825AC1100958F24 /* Resources */ = {
			isa = PBXResourcesBuildPhase;
			buildActionMask = 2147483647;
			files = (
				53F51AD62825AC1200958F24 /* LaunchScreen.storyboard in Resources */,
				53F51AD32825AC1200958F24 /* Assets.xcassets in Resources */,
				53F51ACE2825AC1100958F24 /* Main.storyboard in Resources */,
			);
			runOnlyForDeploymentPostprocessing = 0;
		};
/* End PBXResourcesBuildPhase section */

/* Begin PBXSourcesBuildPhase section */
		53F51ABF2825AC1100958F24 /* Sources */ = {
			isa = PBXSourcesBuildPhase;
			buildActionMask = 2147483647;
			files = (
				531CF240282D9FB600AC22CC /* SearchLocationViewController.swift in Sources */,
				53F51ACB2825AC1100958F24 /* mainViewController.swift in Sources */,
				53F51AC72825AC1100958F24 /* AppDelegate.swift in Sources */,
				53FEE3F3283EBA95004C7973 /* Weather.swift in Sources */,
				53E7E108282ACC12005C9C95 /* locationListTableViewController.swift in Sources */,
				53FEE3F1283EB722004C7973 /* WeatherData.swift in Sources */,
				53729E7E2831085C000B98A6 /* NetworkManager.swift in Sources */,
				53E7E10A282AE6F3005C9C95 /* WeatherDetailsViewController.swift in Sources */,
				53F51AD12825AC1100958F24 /* weatherReminder.xcdatamodeld in Sources */,
				53F51AC92825AC1100958F24 /* SceneDelegate.swift in Sources */,
				53FEE3EF283EAEC7004C7973 /* Constants.swift in Sources */,
			);
			runOnlyForDeploymentPostprocessing = 0;
		};
/* End PBXSourcesBuildPhase section */

/* Begin PBXVariantGroup section */
		53F51ACC2825AC1100958F24 /* Main.storyboard */ = {
			isa = PBXVariantGroup;
			children = (
				53F51ACD2825AC1100958F24 /* Base */,
			);
			name = Main.storyboard;
			sourceTree = "<group>";
		};
		53F51AD42825AC1200958F24 /* LaunchScreen.storyboard */ = {
			isa = PBXVariantGroup;
			children = (
				53F51AD52825AC1200958F24 /* Base */,
			);
			name = LaunchScreen.storyboard;
			sourceTree = "<group>";
		};
/* End PBXVariantGroup section */

/* Begin XCBuildConfiguration section */
		53F51AD82825AC1200958F24 /* Debug */ = {
			isa = XCBuildConfiguration;
			buildSettings = {
				ALWAYS_SEARCH_USER_PATHS = NO;
				CLANG_ANALYZER_NONNULL = YES;
				CLANG_ANALYZER_NUMBER_OBJECT_CONVERSION = YES_AGGRESSIVE;
				CLANG_CXX_LANGUAGE_STANDARD = "gnu++17";
				CLANG_CXX_LIBRARY = "libc++";
				CLANG_ENABLE_MODULES = YES;
				CLANG_ENABLE_OBJC_ARC = YES;
				CLANG_ENABLE_OBJC_WEAK = YES;
				CLANG_WARN_BLOCK_CAPTURE_AUTORELEASING = YES;
				CLANG_WARN_BOOL_CONVERSION = YES;
				CLANG_WARN_COMMA = YES;
				CLANG_WARN_CONSTANT_CONVERSION = YES;
				CLANG_WARN_DEPRECATED_OBJC_IMPLEMENTATIONS = YES;
				CLANG_WARN_DIRECT_OBJC_ISA_USAGE = YES_ERROR;
				CLANG_WARN_DOCUMENTATION_COMMENTS = YES;
				CLANG_WARN_EMPTY_BODY = YES;
				CLANG_WARN_ENUM_CONVERSION = YES;
				CLANG_WARN_INFINITE_RECURSION = YES;
				CLANG_WARN_INT_CONVERSION = YES;
				CLANG_WARN_NON_LITERAL_NULL_CONVERSION = YES;
				CLANG_WARN_OBJC_IMPLICIT_RETAIN_SELF = YES;
				CLANG_WARN_OBJC_LITERAL_CONVERSION = YES;
				CLANG_WARN_OBJC_ROOT_CLASS = YES_ERROR;
				CLANG_WARN_QUOTED_INCLUDE_IN_FRAMEWORK_HEADER = YES;
				CLANG_WARN_RANGE_LOOP_ANALYSIS = YES;
				CLANG_WARN_STRICT_PROTOTYPES = YES;
				CLANG_WARN_SUSPICIOUS_MOVE = YES;
				CLANG_WARN_UNGUARDED_AVAILABILITY = YES_AGGRESSIVE;
				CLANG_WARN_UNREACHABLE_CODE = YES;
				CLANG_WARN__DUPLICATE_METHOD_MATCH = YES;
				COPY_PHASE_STRIP = NO;
				DEBUG_INFORMATION_FORMAT = dwarf;
				ENABLE_STRICT_OBJC_MSGSEND = YES;
				ENABLE_TESTABILITY = YES;
				GCC_C_LANGUAGE_STANDARD = gnu11;
				GCC_DYNAMIC_NO_PIC = NO;
				GCC_NO_COMMON_BLOCKS = YES;
				GCC_OPTIMIZATION_LEVEL = 0;
				GCC_PREPROCESSOR_DEFINITIONS = (
					"DEBUG=1",
					"$(inherited)",
				);
				GCC_WARN_64_TO_32_BIT_CONVERSION = YES;
				GCC_WARN_ABOUT_RETURN_TYPE = YES_ERROR;
				GCC_WARN_UNDECLARED_SELECTOR = YES;
				GCC_WARN_UNINITIALIZED_AUTOS = YES_AGGRESSIVE;
				GCC_WARN_UNUSED_FUNCTION = YES;
				GCC_WARN_UNUSED_VARIABLE = YES;
				IPHONEOS_DEPLOYMENT_TARGET = 15.0;
				MTL_ENABLE_DEBUG_INFO = INCLUDE_SOURCE;
				MTL_FAST_MATH = YES;
				ONLY_ACTIVE_ARCH = YES;
				SDKROOT = iphoneos;
				SWIFT_ACTIVE_COMPILATION_CONDITIONS = DEBUG;
				SWIFT_OPTIMIZATION_LEVEL = "-Onone";
			};
			name = Debug;
		};
		53F51AD92825AC1200958F24 /* Release */ = {
			isa = XCBuildConfiguration;
			buildSettings = {
				ALWAYS_SEARCH_USER_PATHS = NO;
				CLANG_ANALYZER_NONNULL = YES;
				CLANG_ANALYZER_NUMBER_OBJECT_CONVERSION = YES_AGGRESSIVE;
				CLANG_CXX_LANGUAGE_STANDARD = "gnu++17";
				CLANG_CXX_LIBRARY = "libc++";
				CLANG_ENABLE_MODULES = YES;
				CLANG_ENABLE_OBJC_ARC = YES;
				CLANG_ENABLE_OBJC_WEAK = YES;
				CLANG_WARN_BLOCK_CAPTURE_AUTORELEASING = YES;
				CLANG_WARN_BOOL_CONVERSION = YES;
				CLANG_WARN_COMMA = YES;
				CLANG_WARN_CONSTANT_CONVERSION = YES;
				CLANG_WARN_DEPRECATED_OBJC_IMPLEMENTATIONS = YES;
				CLANG_WARN_DIRECT_OBJC_ISA_USAGE = YES_ERROR;
				CLANG_WARN_DOCUMENTATION_COMMENTS = YES;
				CLANG_WARN_EMPTY_BODY = YES;
				CLANG_WARN_ENUM_CONVERSION = YES;
				CLANG_WARN_INFINITE_RECURSION = YES;
				CLANG_WARN_INT_CONVERSION = YES;
				CLANG_WARN_NON_LITERAL_NULL_CONVERSION = YES;
				CLANG_WARN_OBJC_IMPLICIT_RETAIN_SELF = YES;
				CLANG_WARN_OBJC_LITERAL_CONVERSION = YES;
				CLANG_WARN_OBJC_ROOT_CLASS = YES_ERROR;
				CLANG_WARN_QUOTED_INCLUDE_IN_FRAMEWORK_HEADER = YES;
				CLANG_WARN_RANGE_LOOP_ANALYSIS = YES;
				CLANG_WARN_STRICT_PROTOTYPES = YES;
				CLANG_WARN_SUSPICIOUS_MOVE = YES;
				CLANG_WARN_UNGUARDED_AVAILABILITY = YES_AGGRESSIVE;
				CLANG_WARN_UNREACHABLE_CODE = YES;
				CLANG_WARN__DUPLICATE_METHOD_MATCH = YES;
				COPY_PHASE_STRIP = NO;
				DEBUG_INFORMATION_FORMAT = "dwarf-with-dsym";
				ENABLE_NS_ASSERTIONS = NO;
				ENABLE_STRICT_OBJC_MSGSEND = YES;
				GCC_C_LANGUAGE_STANDARD = gnu11;
				GCC_NO_COMMON_BLOCKS = YES;
				GCC_WARN_64_TO_32_BIT_CONVERSION = YES;
				GCC_WARN_ABOUT_RETURN_TYPE = YES_ERROR;
				GCC_WARN_UNDECLARED_SELECTOR = YES;
				GCC_WARN_UNINITIALIZED_AUTOS = YES_AGGRESSIVE;
				GCC_WARN_UNUSED_FUNCTION = YES;
				GCC_WARN_UNUSED_VARIABLE = YES;
				IPHONEOS_DEPLOYMENT_TARGET = 15.0;
				MTL_ENABLE_DEBUG_INFO = NO;
				MTL_FAST_MATH = YES;
				SDKROOT = iphoneos;
				SWIFT_COMPILATION_MODE = wholemodule;
				SWIFT_OPTIMIZATION_LEVEL = "-O";
				VALIDATE_PRODUCT = YES;
			};
			name = Release;
		};
		53F51ADB2825AC1200958F24 /* Debug */ = {
			isa = XCBuildConfiguration;
			buildSettings = {
				ASSETCATALOG_COMPILER_APPICON_NAME = AppIcon;
				ASSETCATALOG_COMPILER_GLOBAL_ACCENT_COLOR_NAME = AccentColor;
				CODE_SIGN_STYLE = Automatic;
				CURRENT_PROJECT_VERSION = 1;
				DEVELOPMENT_TEAM = 3R9H69G5MC;
				GENERATE_INFOPLIST_FILE = YES;
				INFOPLIST_FILE = weatherReminder/Info.plist;
				INFOPLIST_KEY_UIApplicationSupportsIndirectInputEvents = YES;
				INFOPLIST_KEY_UILaunchStoryboardName = LaunchScreen;
				INFOPLIST_KEY_UIMainStoryboardFile = Main;
				INFOPLIST_KEY_UISupportedInterfaceOrientations_iPad = "UIInterfaceOrientationPortrait UIInterfaceOrientationPortraitUpsideDown UIInterfaceOrientationLandscapeLeft UIInterfaceOrientationLandscapeRight";
				INFOPLIST_KEY_UISupportedInterfaceOrientations_iPhone = "UIInterfaceOrientationPortrait UIInterfaceOrientationLandscapeLeft UIInterfaceOrientationLandscapeRight";
				LD_RUNPATH_SEARCH_PATHS = (
					"$(inherited)",
					"@executable_path/Frameworks",
				);
				MARKETING_VERSION = 1.0;
				PRODUCT_BUNDLE_IDENTIFIER = Idel.weatherReminder;
				PRODUCT_NAME = "$(TARGET_NAME)";
				SWIFT_EMIT_LOC_STRINGS = YES;
				SWIFT_VERSION = 5.0;
				TARGETED_DEVICE_FAMILY = "1,2";
			};
			name = Debug;
		};
		53F51ADC2825AC1200958F24 /* Release */ = {
			isa = XCBuildConfiguration;
			buildSettings = {
				ASSETCATALOG_COMPILER_APPICON_NAME = AppIcon;
				ASSETCATALOG_COMPILER_GLOBAL_ACCENT_COLOR_NAME = AccentColor;
				CODE_SIGN_STYLE = Automatic;
				CURRENT_PROJECT_VERSION = 1;
				DEVELOPMENT_TEAM = 3R9H69G5MC;
				GENERATE_INFOPLIST_FILE = YES;
				INFOPLIST_FILE = weatherReminder/Info.plist;
				INFOPLIST_KEY_UIApplicationSupportsIndirectInputEvents = YES;
				INFOPLIST_KEY_UILaunchStoryboardName = LaunchScreen;
				INFOPLIST_KEY_UIMainStoryboardFile = Main;
				INFOPLIST_KEY_UISupportedInterfaceOrientations_iPad = "UIInterfaceOrientationPortrait UIInterfaceOrientationPortraitUpsideDown UIInterfaceOrientationLandscapeLeft UIInterfaceOrientationLandscapeRight";
				INFOPLIST_KEY_UISupportedInterfaceOrientations_iPhone = "UIInterfaceOrientationPortrait UIInterfaceOrientationLandscapeLeft UIInterfaceOrientationLandscapeRight";
				LD_RUNPATH_SEARCH_PATHS = (
					"$(inherited)",
					"@executable_path/Frameworks",
				);
				MARKETING_VERSION = 1.0;
				PRODUCT_BUNDLE_IDENTIFIER = Idel.weatherReminder;
				PRODUCT_NAME = "$(TARGET_NAME)";
				SWIFT_EMIT_LOC_STRINGS = YES;
				SWIFT_VERSION = 5.0;
				TARGETED_DEVICE_FAMILY = "1,2";
			};
			name = Release;
		};
/* End XCBuildConfiguration section */

/* Begin XCConfigurationList section */
		53F51ABE2825AC1100958F24 /* Build configuration list for PBXProject "weatherReminder" */ = {
			isa = XCConfigurationList;
			buildConfigurations = (
				53F51AD82825AC1200958F24 /* Debug */,
				53F51AD92825AC1200958F24 /* Release */,
			);
			defaultConfigurationIsVisible = 0;
			defaultConfigurationName = Release;
		};
		53F51ADA2825AC1200958F24 /* Build configuration list for PBXNativeTarget "weatherReminder" */ = {
			isa = XCConfigurationList;
			buildConfigurations = (
				53F51ADB2825AC1200958F24 /* Debug */,
				53F51ADC2825AC1200958F24 /* Release */,
			);
			defaultConfigurationIsVisible = 0;
			defaultConfigurationName = Release;
		};
/* End XCConfigurationList section */

/* Begin XCVersionGroup section */
		53F51ACF2825AC1100958F24 /* weatherReminder.xcdatamodeld */ = {
			isa = XCVersionGroup;
			children = (
				53F51AD02825AC1100958F24 /* weatherReminder.xcdatamodel */,
			);
			currentVersion = 53F51AD02825AC1100958F24 /* weatherReminder.xcdatamodel */;
			path = weatherReminder.xcdatamodeld;
			sourceTree = "<group>";
			versionGroupType = wrapper.xcdatamodel;
		};
/* End XCVersionGroup section */
	};
	rootObject = 53F51ABB2825AC1100958F24 /* Project object */;
}
